
Microsoft Visual Studio Solution File, Format Version 12.00
# Visual Studio Version 17
VisualStudioVersion = 17.4.33110.190
MinimumVisualStudioVersion = 10.0.40219.1
Project("{FAE04EC0-301F-11D3-BF4B-00C04F79EFBC}") = "uflefly.com", "uflefly.com\uflefly.com.csproj", "{5AD074FB-65B4-4B2E-A6BD-47BDDB6D348A}"
EndProject
Global
	GlobalSection(SolutionConfigurationPlatforms) = preSolution
		Debug|Any CPU = Debug|Any CPU
		Release|Any CPU = Release|Any CPU
	EndGlobalSection
	GlobalSection(ProjectConfigurationPlatforms) = postSolution
		{5AD074FB-65B4-4B2E-A6BD-47BDDB6D348A}.Debug|Any CPU.ActiveCfg = Debug|Any CPU
		{5AD074FB-65B4-4B2E-A6BD-47BDDB6D348A}.Debug|Any CPU.Build.0 = Debug|Any CPU
		{5AD074FB-65B4-4B2E-A6BD-47BDDB6D348A}.Release|Any CPU.ActiveCfg = Release|Any CPU
		{5AD074FB-65B4-4B2E-A6BD-47BDDB6D348A}.Release|Any CPU.Build.0 = Release|Any CPU
	EndGlobalSection
	GlobalSection(SolutionProperties) = preSolution
		HideSolutionNode = FALSE
	EndGlobalSection
	GlobalSection(ExtensibilityGlobals) = postSolution
		SolutionGuid = {15AC4F2A-E9AC-45F4-9DA1-E2466E1588BB}
	EndGlobalSection
EndGlobal
